
Microsoft Visual Studio Solution File, Format Version 12.00
# Visual Studio Version 17
VisualStudioVersion = 17.2.32505.173
MinimumVisualStudioVersion = 10.0.40219.1
Project("{FAE04EC0-301F-11D3-BF4B-00C04F79EFBC}") = "BasicAPI", "BasicAPI.csproj", "{E2E6791D-5A7B-4F35-A739-E2F5C4F567DA}"
EndProject
Global
	GlobalSection(SolutionConfigurationPlatforms) = preSolution
		Debug|Any CPU = Debug|Any CPU
		Release|Any CPU = Release|Any CPU
	EndGlobalSection
	GlobalSection(ProjectConfigurationPlatforms) = postSolution
		{E2E6791D-5A7B-4F35-A739-E2F5C4F567DA}.Debug|Any CPU.ActiveCfg = Debug|Any CPU
		{E2E6791D-5A7B-4F35-A739-E2F5C4F567DA}.Debug|Any CPU.Build.0 = Debug|Any CPU
		{E2E6791D-5A7B-4F35-A739-E2F5C4F567DA}.Release|Any CPU.ActiveCfg = Release|Any CPU
		{E2E6791D-5A7B-4F35-A739-E2F5C4F567DA}.Release|Any CPU.Build.0 = Release|Any CPU
	EndGlobalSection
	GlobalSection(SolutionProperties) = preSolution
		HideSolutionNode = FALSE
	EndGlobalSection
	GlobalSection(ExtensibilityGlobals) = postSolution
		SolutionGuid = {98C89E90-FD71-4BED-AB2D-0014F1A38E28}
	EndGlobalSection
EndGlobal
